{
  "version": 4,
  "terraform_version": "1.3.9",
  "serial": 3,
  "lineage": "672d9599-6617-f6e9-933d-bf1530ac5f63",
  "outputs": {},
  "resources": [
    {
      "mode": "managed",
      "type": "azurerm_key_vault_secret",
      "name": "example",
      "provider": "provider[\"registry.terraform.io/hashicorp/azurerm\"]",
      "instances": [
        {
          "schema_version": 0,
          "attributes": {
            "content_type": "text/plain",
            "expiration_date": null,
            "id": "https://site-site-keyvault.vault.azure.net/secrets/secret1/0286f5f9b502400598ba59f43a686817",
            "key_vault_id": "/subscriptions/f898ca44-6909-4811-aecc-86913da959e8/resourceGroups/site-site-vpn-rg/providers/Microsoft.KeyVault/vaults/site-site-keyvault",
            "name": "secret1",
            "not_before_date": null,
            "resource_id": "/subscriptions/f898ca44-6909-4811-aecc-86913da959e8/resourceGroups/site-site-vpn-rg/providers/Microsoft.KeyVault/vaults/site-site-keyvault/secrets/secret1/versions/0286f5f9b502400598ba59f43a686817",
            "resource_versionless_id": "/subscriptions/f898ca44-6909-4811-aecc-86913da959e8/resourceGroups/site-site-vpn-rg/providers/Microsoft.KeyVault/vaults/site-site-keyvault/secrets/secret1",
            "tags": null,
            "timeouts": null,
            "value": "1!Vienna",
            "version": "0286f5f9b502400598ba59f43a686817",
            "versionless_id": "https://site-site-keyvault.vault.azure.net/secrets/secret1"
          },
          "sensitive_attributes": [],
          "private": "eyJlMmJmYjczMC1lY2FhLTExZTYtOGY4OC0zNDM2M2JjN2M0YzAiOnsiY3JlYXRlIjoxODAwMDAwMDAwMDAwLCJkZWxldGUiOjE4MDAwMDAwMDAwMDAsInJlYWQiOjE4MDAwMDAwMDAwMDAsInVwZGF0ZSI6MTgwMDAwMDAwMDAwMH19"
        }
      ]
    }
  ],
  "check_results": null
}
